
Microsoft Visual Studio Solution File, Format Version 12.00
# Visual Studio Version 16
VisualStudioVersion = 16.0.30717.126
MinimumVisualStudioVersion = 10.0.40219.1
Project("{FAE04EC0-301F-11D3-BF4B-00C04F79EFBC}") = "SampleWebAppDay4AzureProject", "SampleWebAppDay4AzureProject\SampleWebAppDay4AzureProject.csproj", "{5B13408A-5C6B-400D-B122-82072C58EA9C}"
EndProject
Global
	GlobalSection(SolutionConfigurationPlatforms) = preSolution
		Debug|Any CPU = Debug|Any CPU
		Release|Any CPU = Release|Any CPU
	EndGlobalSection
	GlobalSection(ProjectConfigurationPlatforms) = postSolution
		{5B13408A-5C6B-400D-B122-82072C58EA9C}.Debug|Any CPU.ActiveCfg = Debug|Any CPU
		{5B13408A-5C6B-400D-B122-82072C58EA9C}.Debug|Any CPU.Build.0 = Debug|Any CPU
		{5B13408A-5C6B-400D-B122-82072C58EA9C}.Release|Any CPU.ActiveCfg = Release|Any CPU
		{5B13408A-5C6B-400D-B122-82072C58EA9C}.Release|Any CPU.Build.0 = Release|Any CPU
	EndGlobalSection
	GlobalSection(SolutionProperties) = preSolution
		HideSolutionNode = FALSE
	EndGlobalSection
	GlobalSection(ExtensibilityGlobals) = postSolution
		SolutionGuid = {4051EB0D-26EF-4ECB-81A5-4DB8773E2EB8}
	EndGlobalSection
EndGlobal
